<Solution>
  <Folder Name="/ProjectFiles/">
    <File Path=".dockerignore" />
    <File Path=".gitignore" />
  </Folder>
  <Project Path="LocalTrader.Api/LocalTrader.Api.csproj" />
  <Project Path="LocalTrader.Shared/LocalTrader.Shared.csproj" />
  <Project Path="src/LocalTrader.WebApp/LocalTrader.WebApp.csproj" />
</Solution>
