<Solution>
  <Folder Name="/ProjectFiles/">
    <File Path=".dockerignore" />
    <File Path=".gitignore" />
  </Folder>
  <Project Path="src/LocalTrader.Shared/LocalTrader.Shared.csproj" />
  <Project Path="src/LocalTrader.Client/LocalTrader.Client.csproj" />
  <Project Path="src/LocalTrader/LocalTrader.csproj" />
</Solution>
